
Microsoft Visual Studio Solution File, Format Version 12.00
# Visual Studio 2012
Project("{FAE04EC0-301F-11D3-BF4B-00C04F79EFBC}") = "ProjectQuicksort", "ProjectQuicksort\ProjectQuicksort.csproj", "{E3CBBB03-9190-4807-852A-DC12F0E4F12A}"
EndProject
Global
	GlobalSection(SolutionConfigurationPlatforms) = preSolution
		Debug|Any CPU = Debug|Any CPU
		Release|Any CPU = Release|Any CPU
	EndGlobalSection
	GlobalSection(ProjectConfigurationPlatforms) = postSolution
		{E3CBBB03-9190-4807-852A-DC12F0E4F12A}.Debug|Any CPU.ActiveCfg = Debug|Any CPU
		{E3CBBB03-9190-4807-852A-DC12F0E4F12A}.Debug|Any CPU.Build.0 = Debug|Any CPU
		{E3CBBB03-9190-4807-852A-DC12F0E4F12A}.Release|Any CPU.ActiveCfg = Release|Any CPU
		{E3CBBB03-9190-4807-852A-DC12F0E4F12A}.Release|Any CPU.Build.0 = Release|Any CPU
	EndGlobalSection
	GlobalSection(SolutionProperties) = preSolution
		HideSolutionNode = FALSE
	EndGlobalSection
EndGlobal
