
Microsoft Visual Studio Solution File, Format Version 12.00
# Visual Studio 2012
Project("{FAE04EC0-301F-11D3-BF4B-00C04F79EFBC}") = "ClosestPair", "ClosestPair\ClosestPair.csproj", "{FF9A6F7D-57CC-4930-B476-BD95F125AA4F}"
EndProject
Global
	GlobalSection(SolutionConfigurationPlatforms) = preSolution
		Debug|Any CPU = Debug|Any CPU
		Release|Any CPU = Release|Any CPU
	EndGlobalSection
	GlobalSection(ProjectConfigurationPlatforms) = postSolution
		{FF9A6F7D-57CC-4930-B476-BD95F125AA4F}.Debug|Any CPU.ActiveCfg = Debug|Any CPU
		{FF9A6F7D-57CC-4930-B476-BD95F125AA4F}.Debug|Any CPU.Build.0 = Debug|Any CPU
		{FF9A6F7D-57CC-4930-B476-BD95F125AA4F}.Release|Any CPU.ActiveCfg = Release|Any CPU
		{FF9A6F7D-57CC-4930-B476-BD95F125AA4F}.Release|Any CPU.Build.0 = Release|Any CPU
	EndGlobalSection
	GlobalSection(SolutionProperties) = preSolution
		HideSolutionNode = FALSE
	EndGlobalSection
EndGlobal
