
Microsoft Visual Studio Solution File, Format Version 12.00
# Visual Studio 2012
Project("{FAE04EC0-301F-11D3-BF4B-00C04F79EFBC}") = "RandomizedAlgorithm", "RandomizedAlgorithm\RandomizedAlgorithm.csproj", "{8BFDDBCF-0AB4-48BA-8079-763F825ADBA7}"
EndProject
Project("{FAE04EC0-301F-11D3-BF4B-00C04F79EFBC}") = "MultiplyMatrix", "MultiplyMatrix\MultiplyMatrix\MultiplyMatrix.csproj", "{5B1414C0-1F99-414D-8E2A-02876750EBCC}"
EndProject
Project("{FAE04EC0-301F-11D3-BF4B-00C04F79EFBC}") = "Client", "prim\KruskalAlgorithm\KruskalAlgorithm\Client\Client.csproj", "{77BB4328-F2DB-4F12-82F0-BF09DA021615}"
EndProject
Project("{FAE04EC0-301F-11D3-BF4B-00C04F79EFBC}") = "Kruskal", "prim\KruskalAlgorithm\KruskalAlgorithm\Kruskal\Kruskal.csproj", "{79FE5A94-B83A-4C81-B6A7-D54B429F23BA}"
EndProject
Project("{FAE04EC0-301F-11D3-BF4B-00C04F79EFBC}") = "test prime", "test prime\test prime\test prime.csproj", "{F38F0C8D-B64C-4676-9505-2F6DDB171BBC}"
EndProject
Project("{FAE04EC0-301F-11D3-BF4B-00C04F79EFBC}") = "ProjectQuicksort", "Quicksort\ProjectQuicksort\ProjectQuicksort.csproj", "{E3CBBB03-9190-4807-852A-DC12F0E4F12A}"
EndProject
Project("{FAE04EC0-301F-11D3-BF4B-00C04F79EFBC}") = "ProjectClosestPair", "ProjectClosestPair\ProjectClosestPair.csproj", "{1F39492D-94F4-4571-8D2D-2EA4B54EDCE7}"
EndProject
Global
	GlobalSection(SolutionConfigurationPlatforms) = preSolution
		Debug|Any CPU = Debug|Any CPU
		Debug|Mixed Platforms = Debug|Mixed Platforms
		Debug|x86 = Debug|x86
		Release|Any CPU = Release|Any CPU
		Release|Mixed Platforms = Release|Mixed Platforms
		Release|x86 = Release|x86
	EndGlobalSection
	GlobalSection(ProjectConfigurationPlatforms) = postSolution
		{8BFDDBCF-0AB4-48BA-8079-763F825ADBA7}.Debug|Any CPU.ActiveCfg = Debug|Any CPU
		{8BFDDBCF-0AB4-48BA-8079-763F825ADBA7}.Debug|Any CPU.Build.0 = Debug|Any CPU
		{8BFDDBCF-0AB4-48BA-8079-763F825ADBA7}.Debug|Mixed Platforms.ActiveCfg = Debug|Any CPU
		{8BFDDBCF-0AB4-48BA-8079-763F825ADBA7}.Debug|Mixed Platforms.Build.0 = Debug|Any CPU
		{8BFDDBCF-0AB4-48BA-8079-763F825ADBA7}.Debug|x86.ActiveCfg = Debug|Any CPU
		{8BFDDBCF-0AB4-48BA-8079-763F825ADBA7}.Release|Any CPU.ActiveCfg = Release|Any CPU
		{8BFDDBCF-0AB4-48BA-8079-763F825ADBA7}.Release|Any CPU.Build.0 = Release|Any CPU
		{8BFDDBCF-0AB4-48BA-8079-763F825ADBA7}.Release|Mixed Platforms.ActiveCfg = Release|Any CPU
		{8BFDDBCF-0AB4-48BA-8079-763F825ADBA7}.Release|Mixed Platforms.Build.0 = Release|Any CPU
		{8BFDDBCF-0AB4-48BA-8079-763F825ADBA7}.Release|x86.ActiveCfg = Release|Any CPU
		{5B1414C0-1F99-414D-8E2A-02876750EBCC}.Debug|Any CPU.ActiveCfg = Debug|Any CPU
		{5B1414C0-1F99-414D-8E2A-02876750EBCC}.Debug|Any CPU.Build.0 = Debug|Any CPU
		{5B1414C0-1F99-414D-8E2A-02876750EBCC}.Debug|Mixed Platforms.ActiveCfg = Debug|Any CPU
		{5B1414C0-1F99-414D-8E2A-02876750EBCC}.Debug|Mixed Platforms.Build.0 = Debug|Any CPU
		{5B1414C0-1F99-414D-8E2A-02876750EBCC}.Debug|x86.ActiveCfg = Debug|Any CPU
		{5B1414C0-1F99-414D-8E2A-02876750EBCC}.Release|Any CPU.ActiveCfg = Release|Any CPU
		{5B1414C0-1F99-414D-8E2A-02876750EBCC}.Release|Any CPU.Build.0 = Release|Any CPU
		{5B1414C0-1F99-414D-8E2A-02876750EBCC}.Release|Mixed Platforms.ActiveCfg = Release|Any CPU
		{5B1414C0-1F99-414D-8E2A-02876750EBCC}.Release|Mixed Platforms.Build.0 = Release|Any CPU
		{5B1414C0-1F99-414D-8E2A-02876750EBCC}.Release|x86.ActiveCfg = Release|Any CPU
		{77BB4328-F2DB-4F12-82F0-BF09DA021615}.Debug|Any CPU.ActiveCfg = Debug|x86
		{77BB4328-F2DB-4F12-82F0-BF09DA021615}.Debug|Mixed Platforms.ActiveCfg = Debug|x86
		{77BB4328-F2DB-4F12-82F0-BF09DA021615}.Debug|Mixed Platforms.Build.0 = Debug|x86
		{77BB4328-F2DB-4F12-82F0-BF09DA021615}.Debug|x86.ActiveCfg = Debug|x86
		{77BB4328-F2DB-4F12-82F0-BF09DA021615}.Debug|x86.Build.0 = Debug|x86
		{77BB4328-F2DB-4F12-82F0-BF09DA021615}.Release|Any CPU.ActiveCfg = Release|x86
		{77BB4328-F2DB-4F12-82F0-BF09DA021615}.Release|Mixed Platforms.ActiveCfg = Release|x86
		{77BB4328-F2DB-4F12-82F0-BF09DA021615}.Release|Mixed Platforms.Build.0 = Release|x86
		{77BB4328-F2DB-4F12-82F0-BF09DA021615}.Release|x86.ActiveCfg = Release|x86
		{77BB4328-F2DB-4F12-82F0-BF09DA021615}.Release|x86.Build.0 = Release|x86
		{79FE5A94-B83A-4C81-B6A7-D54B429F23BA}.Debug|Any CPU.ActiveCfg = Debug|Any CPU
		{79FE5A94-B83A-4C81-B6A7-D54B429F23BA}.Debug|Any CPU.Build.0 = Debug|Any CPU
		{79FE5A94-B83A-4C81-B6A7-D54B429F23BA}.Debug|Mixed Platforms.ActiveCfg = Debug|Any CPU
		{79FE5A94-B83A-4C81-B6A7-D54B429F23BA}.Debug|Mixed Platforms.Build.0 = Debug|Any CPU
		{79FE5A94-B83A-4C81-B6A7-D54B429F23BA}.Debug|x86.ActiveCfg = Debug|Any CPU
		{79FE5A94-B83A-4C81-B6A7-D54B429F23BA}.Release|Any CPU.ActiveCfg = Release|Any CPU
		{79FE5A94-B83A-4C81-B6A7-D54B429F23BA}.Release|Any CPU.Build.0 = Release|Any CPU
		{79FE5A94-B83A-4C81-B6A7-D54B429F23BA}.Release|Mixed Platforms.ActiveCfg = Release|Any CPU
		{79FE5A94-B83A-4C81-B6A7-D54B429F23BA}.Release|Mixed Platforms.Build.0 = Release|Any CPU
		{79FE5A94-B83A-4C81-B6A7-D54B429F23BA}.Release|x86.ActiveCfg = Release|Any CPU
		{F38F0C8D-B64C-4676-9505-2F6DDB171BBC}.Debug|Any CPU.ActiveCfg = Debug|Any CPU
		{F38F0C8D-B64C-4676-9505-2F6DDB171BBC}.Debug|Any CPU.Build.0 = Debug|Any CPU
		{F38F0C8D-B64C-4676-9505-2F6DDB171BBC}.Debug|Mixed Platforms.ActiveCfg = Debug|Any CPU
		{F38F0C8D-B64C-4676-9505-2F6DDB171BBC}.Debug|Mixed Platforms.Build.0 = Debug|Any CPU
		{F38F0C8D-B64C-4676-9505-2F6DDB171BBC}.Debug|x86.ActiveCfg = Debug|Any CPU
		{F38F0C8D-B64C-4676-9505-2F6DDB171BBC}.Release|Any CPU.ActiveCfg = Release|Any CPU
		{F38F0C8D-B64C-4676-9505-2F6DDB171BBC}.Release|Any CPU.Build.0 = Release|Any CPU
		{F38F0C8D-B64C-4676-9505-2F6DDB171BBC}.Release|Mixed Platforms.ActiveCfg = Release|Any CPU
		{F38F0C8D-B64C-4676-9505-2F6DDB171BBC}.Release|Mixed Platforms.Build.0 = Release|Any CPU
		{F38F0C8D-B64C-4676-9505-2F6DDB171BBC}.Release|x86.ActiveCfg = Release|Any CPU
		{E3CBBB03-9190-4807-852A-DC12F0E4F12A}.Debug|Any CPU.ActiveCfg = Debug|Any CPU
		{E3CBBB03-9190-4807-852A-DC12F0E4F12A}.Debug|Any CPU.Build.0 = Debug|Any CPU
		{E3CBBB03-9190-4807-852A-DC12F0E4F12A}.Debug|Mixed Platforms.ActiveCfg = Debug|Any CPU
		{E3CBBB03-9190-4807-852A-DC12F0E4F12A}.Debug|Mixed Platforms.Build.0 = Debug|Any CPU
		{E3CBBB03-9190-4807-852A-DC12F0E4F12A}.Debug|x86.ActiveCfg = Debug|Any CPU
		{E3CBBB03-9190-4807-852A-DC12F0E4F12A}.Release|Any CPU.ActiveCfg = Release|Any CPU
		{E3CBBB03-9190-4807-852A-DC12F0E4F12A}.Release|Any CPU.Build.0 = Release|Any CPU
		{E3CBBB03-9190-4807-852A-DC12F0E4F12A}.Release|Mixed Platforms.ActiveCfg = Release|Any CPU
		{E3CBBB03-9190-4807-852A-DC12F0E4F12A}.Release|Mixed Platforms.Build.0 = Release|Any CPU
		{E3CBBB03-9190-4807-852A-DC12F0E4F12A}.Release|x86.ActiveCfg = Release|Any CPU
		{1F39492D-94F4-4571-8D2D-2EA4B54EDCE7}.Debug|Any CPU.ActiveCfg = Debug|Any CPU
		{1F39492D-94F4-4571-8D2D-2EA4B54EDCE7}.Debug|Any CPU.Build.0 = Debug|Any CPU
		{1F39492D-94F4-4571-8D2D-2EA4B54EDCE7}.Debug|Mixed Platforms.ActiveCfg = Debug|Any CPU
		{1F39492D-94F4-4571-8D2D-2EA4B54EDCE7}.Debug|Mixed Platforms.Build.0 = Debug|Any CPU
		{1F39492D-94F4-4571-8D2D-2EA4B54EDCE7}.Debug|x86.ActiveCfg = Debug|Any CPU
		{1F39492D-94F4-4571-8D2D-2EA4B54EDCE7}.Release|Any CPU.ActiveCfg = Release|Any CPU
		{1F39492D-94F4-4571-8D2D-2EA4B54EDCE7}.Release|Any CPU.Build.0 = Release|Any CPU
		{1F39492D-94F4-4571-8D2D-2EA4B54EDCE7}.Release|Mixed Platforms.ActiveCfg = Release|Any CPU
		{1F39492D-94F4-4571-8D2D-2EA4B54EDCE7}.Release|Mixed Platforms.Build.0 = Release|Any CPU
		{1F39492D-94F4-4571-8D2D-2EA4B54EDCE7}.Release|x86.ActiveCfg = Release|Any CPU
	EndGlobalSection
	GlobalSection(SolutionProperties) = preSolution
		HideSolutionNode = FALSE
	EndGlobalSection
EndGlobal
